
Microsoft Visual Studio Solution File, Format Version 12.00
# Visual Studio 14
VisualStudioVersion = 14.0.25420.1
MinimumVisualStudioVersion = 10.0.40219.1
Project("{FAE04EC0-301F-11D3-BF4B-00C04F79EFBC}") = "Shush", "Shush\Shush.csproj", "{ADC22973-A6E8-4ADE-A84E-D111A82D8581}"
EndProject
Project("{FAE04EC0-301F-11D3-BF4B-00C04F79EFBC}") = "Infrastructure", "Infrastructure\Infrastructure\Infrastructure.csproj", "{AD014C29-9FB7-42E5-A88A-40BE0AEB6C0B}"
EndProject
Project("{2150E333-8FDC-42A3-9474-1A3956D46DE8}") = "Solution Items", "Solution Items", "{AE15AE1D-5380-4D64-808A-312B3F641B1C}"
	ProjectSection(SolutionItems) = preProject
		appveyor.yml = appveyor.yml
	EndProjectSection
EndProject
Project("{2150E333-8FDC-42A3-9474-1A3956D46DE8}") = ".nuget", ".nuget", "{88E18B13-734D-444F-8CBA-0FB1F1C86AFA}"
	ProjectSection(SolutionItems) = preProject
		nuget.config = nuget.config
	EndProjectSection
EndProject
Global
	GlobalSection(SolutionConfigurationPlatforms) = preSolution
		Debug|Any CPU = Debug|Any CPU
		Release|Any CPU = Release|Any CPU
	EndGlobalSection
	GlobalSection(ProjectConfigurationPlatforms) = postSolution
		{ADC22973-A6E8-4ADE-A84E-D111A82D8581}.Debug|Any CPU.ActiveCfg = Debug|Any CPU
		{ADC22973-A6E8-4ADE-A84E-D111A82D8581}.Debug|Any CPU.Build.0 = Debug|Any CPU
		{ADC22973-A6E8-4ADE-A84E-D111A82D8581}.Release|Any CPU.ActiveCfg = Release|Any CPU
		{ADC22973-A6E8-4ADE-A84E-D111A82D8581}.Release|Any CPU.Build.0 = Release|Any CPU
		{AD014C29-9FB7-42E5-A88A-40BE0AEB6C0B}.Debug|Any CPU.ActiveCfg = Debug|Any CPU
		{AD014C29-9FB7-42E5-A88A-40BE0AEB6C0B}.Debug|Any CPU.Build.0 = Debug|Any CPU
		{AD014C29-9FB7-42E5-A88A-40BE0AEB6C0B}.Release|Any CPU.ActiveCfg = Release|Any CPU
		{AD014C29-9FB7-42E5-A88A-40BE0AEB6C0B}.Release|Any CPU.Build.0 = Release|Any CPU
	EndGlobalSection
	GlobalSection(SolutionProperties) = preSolution
		HideSolutionNode = FALSE
	EndGlobalSection
	GlobalSection(NestedProjects) = preSolution
		{88E18B13-734D-444F-8CBA-0FB1F1C86AFA} = {AE15AE1D-5380-4D64-808A-312B3F641B1C}
	EndGlobalSection
EndGlobal
